// !$*UTF8*$!
{
	archiveVersion = 1;
	classes = {
	};
	objectVersion = 55;
	objects = {

/* Begin PBXBuildFile section */
		8FA739F25A3223E110E47AE2 /* Pods_Contacts.framework in Frameworks */ = {isa = PBXBuildFile; fileRef = 4116E4CF1C1949B382ED3AE3 /* Pods_Contacts.framework */; };
		FA905E9D2913C15300599ED0 /* AppDelegate.swift in Sources */ = {isa = PBXBuildFile; fileRef = FA905E9C2913C15300599ED0 /* AppDelegate.swift */; };
		FA905EA12913C15300599ED0 /* ContactsViewController.swift in Sources */ = {isa = PBXBuildFile; fileRef = FA905EA02913C15300599ED0 /* ContactsViewController.swift */; };
		FA905EA62913C15900599ED0 /* Assets.xcassets in Resources */ = {isa = PBXBuildFile; fileRef = FA905EA52913C15900599ED0 /* Assets.xcassets */; };
		FA905EA92913C15900599ED0 /* LaunchScreen.storyboard in Resources */ = {isa = PBXBuildFile; fileRef = FA905EA72913C15900599ED0 /* LaunchScreen.storyboard */; };
		FA905EB12913C50B00599ED0 /* Request.swift in Sources */ = {isa = PBXBuildFile; fileRef = FA905EB02913C50B00599ED0 /* Request.swift */; };
		FA905EB32913C52F00599ED0 /* Logger.swift in Sources */ = {isa = PBXBuildFile; fileRef = FA905EB22913C52F00599ED0 /* Logger.swift */; };
		FA905EB52913C5C500599ED0 /* Parser.swift in Sources */ = {isa = PBXBuildFile; fileRef = FA905EB42913C5C500599ED0 /* Parser.swift */; };
		FA905EB72913C5E000599ED0 /* ResponseModel.swift in Sources */ = {isa = PBXBuildFile; fileRef = FA905EB62913C5E000599ED0 /* ResponseModel.swift */; };
		FA905EB92913C7B300599ED0 /* Contact.swift in Sources */ = {isa = PBXBuildFile; fileRef = FA905EB82913C7B300599ED0 /* Contact.swift */; };
		FA905EBB2913C87300599ED0 /* RequestSender.swift in Sources */ = {isa = PBXBuildFile; fileRef = FA905EBA2913C87300599ED0 /* RequestSender.swift */; };
		FA905EBD2913C89C00599ED0 /* RequestConfig.swift in Sources */ = {isa = PBXBuildFile; fileRef = FA905EBC2913C89C00599ED0 /* RequestConfig.swift */; };
		FA905EBF2913C8BD00599ED0 /* NetworkError.swift in Sources */ = {isa = PBXBuildFile; fileRef = FA905EBE2913C8BD00599ED0 /* NetworkError.swift */; };
		FA905EC32913C97300599ED0 /* ContactsTableViewCell.swift in Sources */ = {isa = PBXBuildFile; fileRef = FA905EC22913C97300599ED0 /* ContactsTableViewCell.swift */; };
		FAF5899C2916C73C000FA769 /* Router.swift in Sources */ = {isa = PBXBuildFile; fileRef = FAF5899B2916C73C000FA769 /* Router.swift */; };
		FAF5899E2917E57F000FA769 /* ViewControllersFactory.swift in Sources */ = {isa = PBXBuildFile; fileRef = FAF5899D2917E57F000FA769 /* ViewControllersFactory.swift */; };
		FAF589A02917E7BB000FA769 /* ContactsPresenter.swift in Sources */ = {isa = PBXBuildFile; fileRef = FAF5899F2917E7BB000FA769 /* ContactsPresenter.swift */; };
		FAF589A32917E949000FA769 /* RequestsFactory.swift in Sources */ = {isa = PBXBuildFile; fileRef = FAF589A22917E949000FA769 /* RequestsFactory.swift */; };
		FAF589A92917F023000FA769 /* CoreDataStack.swift in Sources */ = {isa = PBXBuildFile; fileRef = FAF589A82917F023000FA769 /* CoreDataStack.swift */; };
		FAF589AC2917F096000FA769 /* CoreDataModel.xcdatamodeld in Sources */ = {isa = PBXBuildFile; fileRef = FAF589AA2917F096000FA769 /* CoreDataModel.xcdatamodeld */; };
		FAF589AF2917F26F000FA769 /* CoreDataService.swift in Sources */ = {isa = PBXBuildFile; fileRef = FAF589AE2917F26F000FA769 /* CoreDataService.swift */; };
/* End PBXBuildFile section */

/* Begin PBXFileReference section */
		4116E4CF1C1949B382ED3AE3 /* Pods_Contacts.framework */ = {isa = PBXFileReference; explicitFileType = wrapper.framework; includeInIndex = 0; path = Pods_Contacts.framework; sourceTree = BUILT_PRODUCTS_DIR; };
		CFE9F7EB588F1787147810DE /* Pods-Contacts.debug.xcconfig */ = {isa = PBXFileReference; includeInIndex = 1; lastKnownFileType = text.xcconfig; name = "Pods-Contacts.debug.xcconfig"; path = "Target Support Files/Pods-Contacts/Pods-Contacts.debug.xcconfig"; sourceTree = "<group>"; };
		FA905E992913C15300599ED0 /* Contacts.app */ = {isa = PBXFileReference; explicitFileType = wrapper.application; includeInIndex = 0; path = Contacts.app; sourceTree = BUILT_PRODUCTS_DIR; };
		FA905E9C2913C15300599ED0 /* AppDelegate.swift */ = {isa = PBXFileReference; lastKnownFileType = sourcecode.swift; path = AppDelegate.swift; sourceTree = "<group>"; };
		FA905EA02913C15300599ED0 /* ContactsViewController.swift */ = {isa = PBXFileReference; lastKnownFileType = sourcecode.swift; path = ContactsViewController.swift; sourceTree = "<group>"; };
		FA905EA52913C15900599ED0 /* Assets.xcassets */ = {isa = PBXFileReference; lastKnownFileType = folder.assetcatalog; path = Assets.xcassets; sourceTree = "<group>"; };
		FA905EA82913C15900599ED0 /* Base */ = {isa = PBXFileReference; lastKnownFileType = file.storyboard; name = Base; path = Base.lproj/LaunchScreen.storyboard; sourceTree = "<group>"; };
		FA905EAA2913C15900599ED0 /* Info.plist */ = {isa = PBXFileReference; lastKnownFileType = text.plist.xml; path = Info.plist; sourceTree = "<group>"; };
		FA905EB02913C50B00599ED0 /* Request.swift */ = {isa = PBXFileReference; lastKnownFileType = sourcecode.swift; path = Request.swift; sourceTree = "<group>"; };
		FA905EB22913C52F00599ED0 /* Logger.swift */ = {isa = PBXFileReference; lastKnownFileType = sourcecode.swift; path = Logger.swift; sourceTree = "<group>"; };
		FA905EB42913C5C500599ED0 /* Parser.swift */ = {isa = PBXFileReference; lastKnownFileType = sourcecode.swift; path = Parser.swift; sourceTree = "<group>"; };
		FA905EB62913C5E000599ED0 /* ResponseModel.swift */ = {isa = PBXFileReference; lastKnownFileType = sourcecode.swift; path = ResponseModel.swift; sourceTree = "<group>"; };
		FA905EB82913C7B300599ED0 /* Contact.swift */ = {isa = PBXFileReference; lastKnownFileType = sourcecode.swift; path = Contact.swift; sourceTree = "<group>"; };
		FA905EBA2913C87300599ED0 /* RequestSender.swift */ = {isa = PBXFileReference; lastKnownFileType = sourcecode.swift; path = RequestSender.swift; sourceTree = "<group>"; };
		FA905EBC2913C89C00599ED0 /* RequestConfig.swift */ = {isa = PBXFileReference; lastKnownFileType = sourcecode.swift; path = RequestConfig.swift; sourceTree = "<group>"; };
		FA905EBE2913C8BD00599ED0 /* NetworkError.swift */ = {isa = PBXFileReference; lastKnownFileType = sourcecode.swift; path = NetworkError.swift; sourceTree = "<group>"; };
		FA905EC22913C97300599ED0 /* ContactsTableViewCell.swift */ = {isa = PBXFileReference; lastKnownFileType = sourcecode.swift; path = ContactsTableViewCell.swift; sourceTree = "<group>"; };
		FAF5899B2916C73C000FA769 /* Router.swift */ = {isa = PBXFileReference; lastKnownFileType = sourcecode.swift; name = Router.swift; path = "Contacts/Presentation Layer/Router.swift"; sourceTree = SOURCE_ROOT; };
		FAF5899D2917E57F000FA769 /* ViewControllersFactory.swift */ = {isa = PBXFileReference; lastKnownFileType = sourcecode.swift; path = ViewControllersFactory.swift; sourceTree = "<group>"; };
		FAF5899F2917E7BB000FA769 /* ContactsPresenter.swift */ = {isa = PBXFileReference; lastKnownFileType = sourcecode.swift; path = ContactsPresenter.swift; sourceTree = "<group>"; };
		FAF589A22917E949000FA769 /* RequestsFactory.swift */ = {isa = PBXFileReference; lastKnownFileType = sourcecode.swift; path = RequestsFactory.swift; sourceTree = "<group>"; };
		FAF589A82917F023000FA769 /* CoreDataStack.swift */ = {isa = PBXFileReference; lastKnownFileType = sourcecode.swift; path = CoreDataStack.swift; sourceTree = "<group>"; };
		FAF589AB2917F096000FA769 /* CoreDataModel.xcdatamodel */ = {isa = PBXFileReference; lastKnownFileType = wrapper.xcdatamodel; path = CoreDataModel.xcdatamodel; sourceTree = "<group>"; };
		FAF589AE2917F26F000FA769 /* CoreDataService.swift */ = {isa = PBXFileReference; lastKnownFileType = sourcecode.swift; path = CoreDataService.swift; sourceTree = "<group>"; };
		FE92875124F2A97B2A57FF84 /* Pods-Contacts.release.xcconfig */ = {isa = PBXFileReference; includeInIndex = 1; lastKnownFileType = text.xcconfig; name = "Pods-Contacts.release.xcconfig"; path = "Target Support Files/Pods-Contacts/Pods-Contacts.release.xcconfig"; sourceTree = "<group>"; };
/* End PBXFileReference section */

/* Begin PBXFrameworksBuildPhase section */
		FA905E962913C15300599ED0 /* Frameworks */ = {
			isa = PBXFrameworksBuildPhase;
			buildActionMask = 2147483647;
			files = (
				8FA739F25A3223E110E47AE2 /* Pods_Contacts.framework in Frameworks */,
			);
			runOnlyForDeploymentPostprocessing = 0;
		};
/* End PBXFrameworksBuildPhase section */

/* Begin PBXGroup section */
		9F72DCEF0694C97F6338511F /* Pods */ = {
			isa = PBXGroup;
			children = (
				CFE9F7EB588F1787147810DE /* Pods-Contacts.debug.xcconfig */,
				FE92875124F2A97B2A57FF84 /* Pods-Contacts.release.xcconfig */,
			);
			path = Pods;
			sourceTree = "<group>";
		};
		DF8FE201BF6EE9E28FDF20CD /* Frameworks */ = {
			isa = PBXGroup;
			children = (
				4116E4CF1C1949B382ED3AE3 /* Pods_Contacts.framework */,
			);
			name = Frameworks;
			sourceTree = "<group>";
		};
		FA905E902913C15300599ED0 = {
			isa = PBXGroup;
			children = (
				FA905E9B2913C15300599ED0 /* Contacts */,
				FA905E9A2913C15300599ED0 /* Products */,
				9F72DCEF0694C97F6338511F /* Pods */,
				DF8FE201BF6EE9E28FDF20CD /* Frameworks */,
			);
			sourceTree = "<group>";
		};
		FA905E9A2913C15300599ED0 /* Products */ = {
			isa = PBXGroup;
			children = (
				FA905E992913C15300599ED0 /* Contacts.app */,
			);
			name = Products;
			sourceTree = "<group>";
		};
		FA905E9B2913C15300599ED0 /* Contacts */ = {
			isa = PBXGroup;
			children = (
				FAF589A62917EF9C000FA769 /* Presentation Layer */,
				FAF589A12917E85C000FA769 /* Service Layer */,
				FAF589A72917F006000FA769 /* Core Layer */,
				FA905EC02913C8C700599ED0 /* Models */,
				FAF589A52917EA39000FA769 /* Helpers */,
				FA905EAA2913C15900599ED0 /* Info.plist */,
			);
			path = Contacts;
			sourceTree = "<group>";
		};
		FA905EC02913C8C700599ED0 /* Models */ = {
			isa = PBXGroup;
			children = (
				FA905EB82913C7B300599ED0 /* Contact.swift */,
				FA905EB62913C5E000599ED0 /* ResponseModel.swift */,
				FA905EBC2913C89C00599ED0 /* RequestConfig.swift */,
				FA905EBE2913C8BD00599ED0 /* NetworkError.swift */,
			);
			path = Models;
			sourceTree = "<group>";
		};
		FA905EC12913C95A00599ED0 /* ContactsScreen */ = {
			isa = PBXGroup;
			children = (
				FAF589A42917E9E9000FA769 /* Views */,
				FAF5899F2917E7BB000FA769 /* ContactsPresenter.swift */,
			);
			path = ContactsScreen;
			sourceTree = "<group>";
		};
		FAF589A12917E85C000FA769 /* Service Layer */ = {
			isa = PBXGroup;
			children = (
				FAF589AD2917F23B000FA769 /* NetworkService */,
				FAF589B02917F273000FA769 /* CoreDataService */,
			);
			path = "Service Layer";
			sourceTree = "<group>";
		};
		FAF589A42917E9E9000FA769 /* Views */ = {
			isa = PBXGroup;
			children = (
				FA905EA02913C15300599ED0 /* ContactsViewController.swift */,
				FA905EC22913C97300599ED0 /* ContactsTableViewCell.swift */,
			);
			path = Views;
			sourceTree = "<group>";
		};
		FAF589A52917EA39000FA769 /* Helpers */ = {
			isa = PBXGroup;
			children = (
				FA905EA52913C15900599ED0 /* Assets.xcassets */,
				FA905EA72913C15900599ED0 /* LaunchScreen.storyboard */,
				FA905EB22913C52F00599ED0 /* Logger.swift */,
			);
			path = Helpers;
			sourceTree = "<group>";
		};
		FAF589A62917EF9C000FA769 /* Presentation Layer */ = {
			isa = PBXGroup;
			children = (
				FA905E9C2913C15300599ED0 /* AppDelegate.swift */,
				FAF5899B2916C73C000FA769 /* Router.swift */,
				FAF5899D2917E57F000FA769 /* ViewControllersFactory.swift */,
				FA905EC12913C95A00599ED0 /* ContactsScreen */,
			);
			path = "Presentation Layer";
			sourceTree = "<group>";
		};
		FAF589A72917F006000FA769 /* Core Layer */ = {
			isa = PBXGroup;
			children = (
				FAF589A82917F023000FA769 /* CoreDataStack.swift */,
				FAF589AA2917F096000FA769 /* CoreDataModel.xcdatamodeld */,
			);
			path = "Core Layer";
			sourceTree = "<group>";
		};
		FAF589AD2917F23B000FA769 /* NetworkService */ = {
			isa = PBXGroup;
			children = (
				FA905EBA2913C87300599ED0 /* RequestSender.swift */,
				FA905EB02913C50B00599ED0 /* Request.swift */,
				FA905EB42913C5C500599ED0 /* Parser.swift */,
				FAF589A22917E949000FA769 /* RequestsFactory.swift */,
			);
			path = NetworkService;
			sourceTree = "<group>";
		};
		FAF589B02917F273000FA769 /* CoreDataService */ = {
			isa = PBXGroup;
			children = (
				FAF589AE2917F26F000FA769 /* CoreDataService.swift */,
			);
			path = CoreDataService;
			sourceTree = "<group>";
		};
/* End PBXGroup section */

/* Begin PBXNativeTarget section */
		FA905E982913C15300599ED0 /* Contacts */ = {
			isa = PBXNativeTarget;
			buildConfigurationList = FA905EAD2913C15900599ED0 /* Build configuration list for PBXNativeTarget "Contacts" */;
			buildPhases = (
				B1DF9D297953BF68DD4E74C9 /* [CP] Check Pods Manifest.lock */,
				FA905EC52913CDDD00599ED0 /* SwiftLint */,
				FA905E952913C15300599ED0 /* Sources */,
				FA905E962913C15300599ED0 /* Frameworks */,
				FA905E972913C15300599ED0 /* Resources */,
			);
			buildRules = (
			);
			dependencies = (
			);
			name = Contacts;
			productName = Contacts;
			productReference = FA905E992913C15300599ED0 /* Contacts.app */;
			productType = "com.apple.product-type.application";
		};
/* End PBXNativeTarget section */

/* Begin PBXProject section */
		FA905E912913C15300599ED0 /* Project object */ = {
			isa = PBXProject;
			attributes = {
				BuildIndependentTargetsInParallel = 1;
				LastSwiftUpdateCheck = 1340;
				LastUpgradeCheck = 1340;
				TargetAttributes = {
					FA905E982913C15300599ED0 = {
						CreatedOnToolsVersion = 13.4.1;
					};
				};
			};
			buildConfigurationList = FA905E942913C15300599ED0 /* Build configuration list for PBXProject "Contacts" */;
			compatibilityVersion = "Xcode 13.0";
			developmentRegion = en;
			hasScannedForEncodings = 0;
			knownRegions = (
				en,
				Base,
			);
			mainGroup = FA905E902913C15300599ED0;
			productRefGroup = FA905E9A2913C15300599ED0 /* Products */;
			projectDirPath = "";
			projectRoot = "";
			targets = (
				FA905E982913C15300599ED0 /* Contacts */,
			);
		};
/* End PBXProject section */

/* Begin PBXResourcesBuildPhase section */
		FA905E972913C15300599ED0 /* Resources */ = {
			isa = PBXResourcesBuildPhase;
			buildActionMask = 2147483647;
			files = (
				FA905EA92913C15900599ED0 /* LaunchScreen.storyboard in Resources */,
				FA905EA62913C15900599ED0 /* Assets.xcassets in Resources */,
			);
			runOnlyForDeploymentPostprocessing = 0;
		};
/* End PBXResourcesBuildPhase section */

/* Begin PBXShellScriptBuildPhase section */
		B1DF9D297953BF68DD4E74C9 /* [CP] Check Pods Manifest.lock */ = {
			isa = PBXShellScriptBuildPhase;
			buildActionMask = 2147483647;
			files = (
			);
			inputFileListPaths = (
			);
			inputPaths = (
				"${PODS_PODFILE_DIR_PATH}/Podfile.lock",
				"${PODS_ROOT}/Manifest.lock",
			);
			name = "[CP] Check Pods Manifest.lock";
			outputFileListPaths = (
			);
			outputPaths = (
				"$(DERIVED_FILE_DIR)/Pods-Contacts-checkManifestLockResult.txt",
			);
			runOnlyForDeploymentPostprocessing = 0;
			shellPath = /bin/sh;
			shellScript = "diff \"${PODS_PODFILE_DIR_PATH}/Podfile.lock\" \"${PODS_ROOT}/Manifest.lock\" > /dev/null\nif [ $? != 0 ] ; then\n    # print error to STDERR\n    echo \"error: The sandbox is not in sync with the Podfile.lock. Run 'pod install' or update your CocoaPods installation.\" >&2\n    exit 1\nfi\n# This output is used by Xcode 'outputs' to avoid re-running this script phase.\necho \"SUCCESS\" > \"${SCRIPT_OUTPUT_FILE_0}\"\n";
			showEnvVarsInLog = 0;
		};
		FA905EC52913CDDD00599ED0 /* SwiftLint */ = {
			isa = PBXShellScriptBuildPhase;
			buildActionMask = 2147483647;
			files = (
			);
			inputFileListPaths = (
			);
			inputPaths = (
			);
			name = SwiftLint;
			outputFileListPaths = (
			);
			outputPaths = (
			);
			runOnlyForDeploymentPostprocessing = 0;
			shellPath = /bin/sh;
			shellScript = "# Type a script or drag a script file from your workspace to insert its path.\n\"${PODS_ROOT}/SwiftLint/swiftlint\"\n";
		};
/* End PBXShellScriptBuildPhase section */

/* Begin PBXSourcesBuildPhase section */
		FA905E952913C15300599ED0 /* Sources */ = {
			isa = PBXSourcesBuildPhase;
			buildActionMask = 2147483647;
			files = (
				FAF5899E2917E57F000FA769 /* ViewControllersFactory.swift in Sources */,
				FA905EC32913C97300599ED0 /* ContactsTableViewCell.swift in Sources */,
				FA905EBB2913C87300599ED0 /* RequestSender.swift in Sources */,
				FAF589A02917E7BB000FA769 /* ContactsPresenter.swift in Sources */,
				FA905EA12913C15300599ED0 /* ContactsViewController.swift in Sources */,
				FA905EB12913C50B00599ED0 /* Request.swift in Sources */,
				FAF5899C2916C73C000FA769 /* Router.swift in Sources */,
				FAF589A92917F023000FA769 /* CoreDataStack.swift in Sources */,
				FAF589AC2917F096000FA769 /* CoreDataModel.xcdatamodeld in Sources */,
				FA905EBD2913C89C00599ED0 /* RequestConfig.swift in Sources */,
				FA905EB52913C5C500599ED0 /* Parser.swift in Sources */,
				FA905E9D2913C15300599ED0 /* AppDelegate.swift in Sources */,
				FA905EB72913C5E000599ED0 /* ResponseModel.swift in Sources */,
				FAF589A32917E949000FA769 /* RequestsFactory.swift in Sources */,
				FA905EB32913C52F00599ED0 /* Logger.swift in Sources */,
				FA905EB92913C7B300599ED0 /* Contact.swift in Sources */,
				FAF589AF2917F26F000FA769 /* CoreDataService.swift in Sources */,
				FA905EBF2913C8BD00599ED0 /* NetworkError.swift in Sources */,
			);
			runOnlyForDeploymentPostprocessing = 0;
		};
/* End PBXSourcesBuildPhase section */

/* Begin PBXVariantGroup section */
		FA905EA72913C15900599ED0 /* LaunchScreen.storyboard */ = {
			isa = PBXVariantGroup;
			children = (
				FA905EA82913C15900599ED0 /* Base */,
			);
			name = LaunchScreen.storyboard;
			sourceTree = "<group>";
		};
/* End PBXVariantGroup section */

/* Begin XCBuildConfiguration section */
		FA905EAB2913C15900599ED0 /* Debug */ = {
			isa = XCBuildConfiguration;
			buildSettings = {
				ALWAYS_SEARCH_USER_PATHS = NO;
				CLANG_ANALYZER_NONNULL = YES;
				CLANG_ANALYZER_NUMBER_OBJECT_CONVERSION = YES_AGGRESSIVE;
				CLANG_CXX_LANGUAGE_STANDARD = "gnu++17";
				CLANG_ENABLE_MODULES = YES;
				CLANG_ENABLE_OBJC_ARC = YES;
				CLANG_ENABLE_OBJC_WEAK = YES;
				CLANG_WARN_BLOCK_CAPTURE_AUTORELEASING = YES;
				CLANG_WARN_BOOL_CONVERSION = YES;
				CLANG_WARN_COMMA = YES;
				CLANG_WARN_CONSTANT_CONVERSION = YES;
				CLANG_WARN_DEPRECATED_OBJC_IMPLEMENTATIONS = YES;
				CLANG_WARN_DIRECT_OBJC_ISA_USAGE = YES_ERROR;
				CLANG_WARN_DOCUMENTATION_COMMENTS = YES;
				CLANG_WARN_EMPTY_BODY = YES;
				CLANG_WARN_ENUM_CONVERSION = YES;
				CLANG_WARN_INFINITE_RECURSION = YES;
				CLANG_WARN_INT_CONVERSION = YES;
				CLANG_WARN_NON_LITERAL_NULL_CONVERSION = YES;
				CLANG_WARN_OBJC_IMPLICIT_RETAIN_SELF = YES;
				CLANG_WARN_OBJC_LITERAL_CONVERSION = YES;
				CLANG_WARN_OBJC_ROOT_CLASS = YES_ERROR;
				CLANG_WARN_QUOTED_INCLUDE_IN_FRAMEWORK_HEADER = YES;
				CLANG_WARN_RANGE_LOOP_ANALYSIS = YES;
				CLANG_WARN_STRICT_PROTOTYPES = YES;
				CLANG_WARN_SUSPICIOUS_MOVE = YES;
				CLANG_WARN_UNGUARDED_AVAILABILITY = YES_AGGRESSIVE;
				CLANG_WARN_UNREACHABLE_CODE = YES;
				CLANG_WARN__DUPLICATE_METHOD_MATCH = YES;
				COPY_PHASE_STRIP = NO;
				DEBUG_INFORMATION_FORMAT = dwarf;
				ENABLE_STRICT_OBJC_MSGSEND = YES;
				ENABLE_TESTABILITY = YES;
				GCC_C_LANGUAGE_STANDARD = gnu11;
				GCC_DYNAMIC_NO_PIC = NO;
				GCC_NO_COMMON_BLOCKS = YES;
				GCC_OPTIMIZATION_LEVEL = 0;
				GCC_PREPROCESSOR_DEFINITIONS = (
					"DEBUG=1",
					"$(inherited)",
				);
				GCC_WARN_64_TO_32_BIT_CONVERSION = YES;
				GCC_WARN_ABOUT_RETURN_TYPE = YES_ERROR;
				GCC_WARN_UNDECLARED_SELECTOR = YES;
				GCC_WARN_UNINITIALIZED_AUTOS = YES_AGGRESSIVE;
				GCC_WARN_UNUSED_FUNCTION = YES;
				GCC_WARN_UNUSED_VARIABLE = YES;
				IPHONEOS_DEPLOYMENT_TARGET = 15.5;
				MTL_ENABLE_DEBUG_INFO = INCLUDE_SOURCE;
				MTL_FAST_MATH = YES;
				ONLY_ACTIVE_ARCH = YES;
				SDKROOT = iphoneos;
				SWIFT_ACTIVE_COMPILATION_CONDITIONS = DEBUG;
				SWIFT_OPTIMIZATION_LEVEL = "-Onone";
			};
			name = Debug;
		};
		FA905EAC2913C15900599ED0 /* Release */ = {
			isa = XCBuildConfiguration;
			buildSettings = {
				ALWAYS_SEARCH_USER_PATHS = NO;
				CLANG_ANALYZER_NONNULL = YES;
				CLANG_ANALYZER_NUMBER_OBJECT_CONVERSION = YES_AGGRESSIVE;
				CLANG_CXX_LANGUAGE_STANDARD = "gnu++17";
				CLANG_ENABLE_MODULES = YES;
				CLANG_ENABLE_OBJC_ARC = YES;
				CLANG_ENABLE_OBJC_WEAK = YES;
				CLANG_WARN_BLOCK_CAPTURE_AUTORELEASING = YES;
				CLANG_WARN_BOOL_CONVERSION = YES;
				CLANG_WARN_COMMA = YES;
				CLANG_WARN_CONSTANT_CONVERSION = YES;
				CLANG_WARN_DEPRECATED_OBJC_IMPLEMENTATIONS = YES;
				CLANG_WARN_DIRECT_OBJC_ISA_USAGE = YES_ERROR;
				CLANG_WARN_DOCUMENTATION_COMMENTS = YES;
				CLANG_WARN_EMPTY_BODY = YES;
				CLANG_WARN_ENUM_CONVERSION = YES;
				CLANG_WARN_INFINITE_RECURSION = YES;
				CLANG_WARN_INT_CONVERSION = YES;
				CLANG_WARN_NON_LITERAL_NULL_CONVERSION = YES;
				CLANG_WARN_OBJC_IMPLICIT_RETAIN_SELF = YES;
				CLANG_WARN_OBJC_LITERAL_CONVERSION = YES;
				CLANG_WARN_OBJC_ROOT_CLASS = YES_ERROR;
				CLANG_WARN_QUOTED_INCLUDE_IN_FRAMEWORK_HEADER = YES;
				CLANG_WARN_RANGE_LOOP_ANALYSIS = YES;
				CLANG_WARN_STRICT_PROTOTYPES = YES;
				CLANG_WARN_SUSPICIOUS_MOVE = YES;
				CLANG_WARN_UNGUARDED_AVAILABILITY = YES_AGGRESSIVE;
				CLANG_WARN_UNREACHABLE_CODE = YES;
				CLANG_WARN__DUPLICATE_METHOD_MATCH = YES;
				COPY_PHASE_STRIP = NO;
				DEBUG_INFORMATION_FORMAT = "dwarf-with-dsym";
				ENABLE_NS_ASSERTIONS = NO;
				ENABLE_STRICT_OBJC_MSGSEND = YES;
				GCC_C_LANGUAGE_STANDARD = gnu11;
				GCC_NO_COMMON_BLOCKS = YES;
				GCC_WARN_64_TO_32_BIT_CONVERSION = YES;
				GCC_WARN_ABOUT_RETURN_TYPE = YES_ERROR;
				GCC_WARN_UNDECLARED_SELECTOR = YES;
				GCC_WARN_UNINITIALIZED_AUTOS = YES_AGGRESSIVE;
				GCC_WARN_UNUSED_FUNCTION = YES;
				GCC_WARN_UNUSED_VARIABLE = YES;
				IPHONEOS_DEPLOYMENT_TARGET = 15.5;
				MTL_ENABLE_DEBUG_INFO = NO;
				MTL_FAST_MATH = YES;
				SDKROOT = iphoneos;
				SWIFT_COMPILATION_MODE = wholemodule;
				SWIFT_OPTIMIZATION_LEVEL = "-O";
				VALIDATE_PRODUCT = YES;
			};
			name = Release;
		};
		FA905EAE2913C15900599ED0 /* Debug */ = {
			isa = XCBuildConfiguration;
			baseConfigurationReference = CFE9F7EB588F1787147810DE /* Pods-Contacts.debug.xcconfig */;
			buildSettings = {
				ASSETCATALOG_COMPILER_APPICON_NAME = AppIcon;
				ASSETCATALOG_COMPILER_GLOBAL_ACCENT_COLOR_NAME = AccentColor;
				CODE_SIGN_STYLE = Automatic;
				CURRENT_PROJECT_VERSION = 1;
				GENERATE_INFOPLIST_FILE = YES;
				INFOPLIST_FILE = Contacts/Info.plist;
				INFOPLIST_KEY_UIApplicationSupportsIndirectInputEvents = YES;
				INFOPLIST_KEY_UILaunchStoryboardName = LaunchScreen;
				INFOPLIST_KEY_UISupportedInterfaceOrientations_iPad = "UIInterfaceOrientationPortrait UIInterfaceOrientationPortraitUpsideDown UIInterfaceOrientationLandscapeLeft UIInterfaceOrientationLandscapeRight";
				INFOPLIST_KEY_UISupportedInterfaceOrientations_iPhone = "UIInterfaceOrientationPortrait UIInterfaceOrientationLandscapeLeft UIInterfaceOrientationLandscapeRight";
				IPHONEOS_DEPLOYMENT_TARGET = 13.0;
				LD_RUNPATH_SEARCH_PATHS = (
					"$(inherited)",
					"@executable_path/Frameworks",
				);
				MARKETING_VERSION = 1.0;
				PRODUCT_BUNDLE_IDENTIFIER = ru.apolinarys.Contacts;
				PRODUCT_NAME = "$(TARGET_NAME)";
				SWIFT_EMIT_LOC_STRINGS = YES;
				SWIFT_VERSION = 5.0;
				TARGETED_DEVICE_FAMILY = "1,2";
			};
			name = Debug;
		};
		FA905EAF2913C15900599ED0 /* Release */ = {
			isa = XCBuildConfiguration;
			baseConfigurationReference = FE92875124F2A97B2A57FF84 /* Pods-Contacts.release.xcconfig */;
			buildSettings = {
				ASSETCATALOG_COMPILER_APPICON_NAME = AppIcon;
				ASSETCATALOG_COMPILER_GLOBAL_ACCENT_COLOR_NAME = AccentColor;
				CODE_SIGN_STYLE = Automatic;
				CURRENT_PROJECT_VERSION = 1;
				GENERATE_INFOPLIST_FILE = YES;
				INFOPLIST_FILE = Contacts/Info.plist;
				INFOPLIST_KEY_UIApplicationSupportsIndirectInputEvents = YES;
				INFOPLIST_KEY_UILaunchStoryboardName = LaunchScreen;
				INFOPLIST_KEY_UISupportedInterfaceOrientations_iPad = "UIInterfaceOrientationPortrait UIInterfaceOrientationPortraitUpsideDown UIInterfaceOrientationLandscapeLeft UIInterfaceOrientationLandscapeRight";
				INFOPLIST_KEY_UISupportedInterfaceOrientations_iPhone = "UIInterfaceOrientationPortrait UIInterfaceOrientationLandscapeLeft UIInterfaceOrientationLandscapeRight";
				IPHONEOS_DEPLOYMENT_TARGET = 13.0;
				LD_RUNPATH_SEARCH_PATHS = (
					"$(inherited)",
					"@executable_path/Frameworks",
				);
				MARKETING_VERSION = 1.0;
				PRODUCT_BUNDLE_IDENTIFIER = ru.apolinarys.Contacts;
				PRODUCT_NAME = "$(TARGET_NAME)";
				SWIFT_EMIT_LOC_STRINGS = YES;
				SWIFT_VERSION = 5.0;
				TARGETED_DEVICE_FAMILY = "1,2";
			};
			name = Release;
		};
/* End XCBuildConfiguration section */

/* Begin XCConfigurationList section */
		FA905E942913C15300599ED0 /* Build configuration list for PBXProject "Contacts" */ = {
			isa = XCConfigurationList;
			buildConfigurations = (
				FA905EAB2913C15900599ED0 /* Debug */,
				FA905EAC2913C15900599ED0 /* Release */,
			);
			defaultConfigurationIsVisible = 0;
			defaultConfigurationName = Release;
		};
		FA905EAD2913C15900599ED0 /* Build configuration list for PBXNativeTarget "Contacts" */ = {
			isa = XCConfigurationList;
			buildConfigurations = (
				FA905EAE2913C15900599ED0 /* Debug */,
				FA905EAF2913C15900599ED0 /* Release */,
			);
			defaultConfigurationIsVisible = 0;
			defaultConfigurationName = Release;
		};
/* End XCConfigurationList section */

/* Begin XCVersionGroup section */
		FAF589AA2917F096000FA769 /* CoreDataModel.xcdatamodeld */ = {
			isa = XCVersionGroup;
			children = (
				FAF589AB2917F096000FA769 /* CoreDataModel.xcdatamodel */,
			);
			currentVersion = FAF589AB2917F096000FA769 /* CoreDataModel.xcdatamodel */;
			path = CoreDataModel.xcdatamodeld;
			sourceTree = "<group>";
			versionGroupType = wrapper.xcdatamodel;
		};
/* End XCVersionGroup section */
	};
	rootObject = FA905E912913C15300599ED0 /* Project object */;
}
